github.com/cerca-trova/greetings v0.0.0-20211112072513-739acd7361be h1:pziPC9OSMP/jFV5DezYw6vLWnXV75nIpXl1FJfp6/Jg=
github.com/cerca-trova/greetings v0.0.0-20211112072513-739acd7361be/go.mod h1:QQARRrSSooU8AlOE2YCmVe7pAfidzavxDYbgRYbeN40=
github.com/cerca-trova/greetings v0.0.0-20211112080154-aa56c39fe90e h1:uFX0teeoqHT2FMSsBWDrXAoXfAnNKw7aj9CpMwGxlmI=
github.com/cerca-trova/greetings v0.0.0-20211112080154-aa56c39fe90e/go.mod h1:QQARRrSSooU8AlOE2YCmVe7pAfidzavxDYbgRYbeN40=
